<?xml version="1.0" encoding="utf-8"?>
<Project ToolsVersion="4.0" xmlns="http://schemas.microsoft.com/developer/msbuild/2003">
  <ItemGroup>
    <Filter Include="Source Files">
      <UniqueIdentifier>{4FC737F1-C7A5-4376-A066-2A32D752A2FF}</UniqueIdentifier>
      <Extensions>cpp;c;cc;cxx;def;odl;idl;hpj;bat;asm;asmx</Extensions>
    </Filter>
    <Filter Include="Header Files">
      <UniqueIdentifier>{93995380-89BD-4b04-88EB-625FBE52EBFB}</UniqueIdentifier>
      <Extensions>h;hpp;hxx;hm;inl;inc;xsd</Extensions>
    </Filter>
    <Filter Include="Resource Files">
      <UniqueIdentifier>{67DA6AB6-F800-4c08-8B7A-83BB121AAD01}</UniqueIdentifier>
      <Extensions>rc;ico;cur;bmp;dlg;rc2;rct;bin;rgs;gif;jpg;jpeg;jpe;resx;tiff;tif;png;wav;mfcribbon-ms</Extensions>
    </Filter>
    <Filter Include="States">
      <UniqueIdentifier>{4e010d3e-b174-4a58-9451-631f14e313d4}</UniqueIdentifier>
    </Filter>
    <Filter Include="Base Classes">
      <UniqueIdentifier>{80a9a7a8-76da-4469-ba3c-7b33019b2564}</UniqueIdentifier>
    </Filter>
    <Filter Include="Objects">
      <UniqueIdentifier>{766efcba-18b4-479e-b704-bdee913490ea}</UniqueIdentifier>
    </Filter>
    <Filter Include="Wrappers">
      <UniqueIdentifier>{ae399437-9128-4bb5-8bf2-43433da24c6c}</UniqueIdentifier>
    </Filter>
    <Filter Include="Characters">
      <UniqueIdentifier>{2440ec58-73bd-4917-adbb-5b7d2fc8fe29}</UniqueIdentifier>
    </Filter>
  </ItemGroup>
  <ItemGroup>
    <ClCompile Include="Animation.cpp">
      <Filter>Source Files</Filter>
    </ClCompile>
    <ClCompile Include="AnimInfo.cpp">
      <Filter>Source Files</Filter>
    </ClCompile>
    <ClCompile Include="CGame.cpp">
      <Filter>Source Files</Filter>
    </ClCompile>
    <ClCompile Include="CompanionAI.cpp">
      <Filter>Source Files</Filter>
    </ClCompile>
    <ClCompile Include="CreateBullet.cpp">
      <Filter>Source Files</Filter>
    </ClCompile>
    <ClCompile Include="CreateEnemyC.cpp">
      <Filter>Source Files</Filter>
    </ClCompile>
    <ClCompile Include="CreateEnemyS.cpp">
      <Filter>Source Files</Filter>
    </ClCompile>
    <ClCompile Include="CreateNPC.cpp">
      <Filter>Source Files</Filter>
    </ClCompile>
    <ClCompile Include="CreatePickUp.cpp">
      <Filter>Source Files</Filter>
    </ClCompile>
    <ClCompile Include="CutScene.cpp">
      <Filter>Source Files</Filter>
    </ClCompile>
    <ClCompile Include="DestroyBullet.cpp">
      <Filter>Source Files</Filter>
    </ClCompile>
    <ClCompile Include="DestroyEnemyC.cpp">
      <Filter>Source Files</Filter>
    </ClCompile>
    <ClCompile Include="DestroyEnemyS.cpp">
      <Filter>Source Files</Filter>
    </ClCompile>
    <ClCompile Include="DestroyNPC.cpp">
      <Filter>Source Files</Filter>
    </ClCompile>
    <ClCompile Include="DestroyPickUp.cpp">
      <Filter>Source Files</Filter>
    </ClCompile>
    <ClCompile Include="Emitter.cpp">
      <Filter>Source Files</Filter>
    </ClCompile>
    <ClCompile Include="Font.cpp">
      <Filter>Source Files</Filter>
    </ClCompile>
    <ClCompile Include="Frame.cpp">
      <Filter>Source Files</Filter>
    </ClCompile>
    <ClCompile Include="HUD.cpp">
      <Filter>Source Files</Filter>
    </ClCompile>
    <ClCompile Include="Particle.cpp">
      <Filter>Source Files</Filter>
    </ClCompile>
    <ClCompile Include="Terrain.cpp">
      <Filter>Source Files</Filter>
    </ClCompile>
    <ClCompile Include="Texture.cpp">
      <Filter>Source Files</Filter>
    </ClCompile>
    <ClCompile Include="WinMain.cpp">
      <Filter>Source Files</Filter>
    </ClCompile>
    <ClCompile Include="CreditsMenuState.cpp">
      <Filter>States</Filter>
    </ClCompile>
    <ClCompile Include="HowToPlayMenuState.cpp">
      <Filter>States</Filter>
    </ClCompile>
    <ClCompile Include="HighScoresMenuState.cpp">
      <Filter>States</Filter>
    </ClCompile>
    <ClCompile Include="GamePlayState.cpp">
      <Filter>States</Filter>
    </ClCompile>
    <ClCompile Include="OptionsMenuState.cpp">
      <Filter>States</Filter>
    </ClCompile>
    <ClCompile Include="PauseMenuState.cpp">
      <Filter>States</Filter>
    </ClCompile>
    <ClCompile Include="WinMenuState.cpp">
      <Filter>States</Filter>
    </ClCompile>
    <ClCompile Include="MainMenuState.cpp">
      <Filter>States</Filter>
    </ClCompile>
    <ClCompile Include="LoadMenuState.cpp">
      <Filter>States</Filter>
    </ClCompile>
    <ClCompile Include="ChasingAI.cpp">
      <Filter>Characters</Filter>
    </ClCompile>
    <ClCompile Include="Boss2.cpp">
      <Filter>Characters</Filter>
    </ClCompile>
    <ClCompile Include="Boss1.cpp">
      <Filter>Characters</Filter>
    </ClCompile>
    <ClCompile Include="Enemy.cpp">
      <Filter>Characters</Filter>
    </ClCompile>
    <ClCompile Include="ShootingAi.cpp">
      <Filter>Characters</Filter>
    </ClCompile>
    <ClCompile Include="Bullet.cpp">
      <Filter>Objects</Filter>
    </ClCompile>
    <ClCompile Include="Bush.cpp">
      <Filter>Objects</Filter>
    </ClCompile>
    <ClCompile Include="Closet.cpp">
      <Filter>Objects</Filter>
    </ClCompile>
    <ClCompile Include="EventSystem.cpp">
      <Filter>Wrappers</Filter>
    </ClCompile>
    <ClCompile Include="DirectInput.cpp">
      <Filter>Wrappers</Filter>
    </ClCompile>
    <ClCompile Include="MessageSystem.cpp">
      <Filter>Wrappers</Filter>
    </ClCompile>
    <ClCompile Include="Particle_Manager.cpp">
      <Filter>Wrappers</Filter>
    </ClCompile>
    <ClCompile Include="XMLManager.cpp">
      <Filter>Wrappers</Filter>
    </ClCompile>
    <ClCompile Include="ViewManager.cpp">
      <Filter>Wrappers</Filter>
    </ClCompile>
    <ClCompile Include="ObjectManager.cpp">
      <Filter>Wrappers</Filter>
    </ClCompile>
    <ClCompile Include="AudioManager.cpp">
      <Filter>Wrappers</Filter>
    </ClCompile>
    <ClCompile Include="BaseCharacter.cpp">
      <Filter>Base Classes</Filter>
    </ClCompile>
    <ClCompile Include="Player.cpp">
      <Filter>Characters</Filter>
    </ClCompile>
    <ClCompile Include="Weapon.cpp">
      <Filter>Objects</Filter>
    </ClCompile>
    <ClCompile Include="PickUp.cpp">
      <Filter>Objects</Filter>
    </ClCompile>
    <ClCompile Include="Light.cpp">
      <Filter>Objects</Filter>
    </ClCompile>
    <ClCompile Include="Quests.cpp">
      <Filter>Objects</Filter>
    </ClCompile>
    <ClCompile Include="BaseObject.cpp">
      <Filter>Base Classes</Filter>
    </ClCompile>
    <ClCompile Include="tinystr.cpp">
      <Filter>Source Files</Filter>
    </ClCompile>
    <ClCompile Include="tinyxml.cpp">
      <Filter>Source Files</Filter>
    </ClCompile>
    <ClCompile Include="tinyxmlerror.cpp">
      <Filter>Source Files</Filter>
    </ClCompile>
    <ClCompile Include="tinyxmlparser.cpp">
      <Filter>Source Files</Filter>
    </ClCompile>
    <ClCompile Include="SaveMenuState.cpp">
      <Filter>States</Filter>
    </ClCompile>
    <ClCompile Include="Level.cpp">
      <Filter>Source Files</Filter>
    </ClCompile>
    <ClCompile Include="LoseMenuState.cpp">
      <Filter>States</Filter>
    </ClCompile>
    <ClCompile Include="SpawnPoint.cpp">
      <Filter>Source Files</Filter>
    </ClCompile>
    <ClCompile Include="NPC.cpp">
      <Filter>Base Classes</Filter>
    </ClCompile>
  </ItemGroup>
  <ItemGroup>
    <ClInclude Include="Animation.h">
      <Filter>Header Files</Filter>
    </ClInclude>
    <ClInclude Include="AnimInfo.h">
      <Filter>Header Files</Filter>
    </ClInclude>
    <ClInclude Include="CGame.h">
      <Filter>Header Files</Filter>
    </ClInclude>
    <ClInclude Include="CompanionAI.h">
      <Filter>Header Files</Filter>
    </ClInclude>
    <ClInclude Include="CreateBullet.h">
      <Filter>Header Files</Filter>
    </ClInclude>
    <ClInclude Include="CreateEnemyC.h">
      <Filter>Header Files</Filter>
    </ClInclude>
    <ClInclude Include="CreateEnemyS.h">
      <Filter>Header Files</Filter>
    </ClInclude>
    <ClInclude Include="CreateNPC.h">
      <Filter>Header Files</Filter>
    </ClInclude>
    <ClInclude Include="CreatePickUp.h">
      <Filter>Header Files</Filter>
    </ClInclude>
    <ClInclude Include="CutScene.h">
      <Filter>Header Files</Filter>
    </ClInclude>
    <ClInclude Include="DestroyBullet.h">
      <Filter>Header Files</Filter>
    </ClInclude>
    <ClInclude Include="DestroyEnemyC.h">
      <Filter>Header Files</Filter>
    </ClInclude>
    <ClInclude Include="DestroyEnemyS.h">
      <Filter>Header Files</Filter>
    </ClInclude>
    <ClInclude Include="DestroyNPC.h">
      <Filter>Header Files</Filter>
    </ClInclude>
    <ClInclude Include="DestroyPickUp.h">
      <Filter>Header Files</Filter>
    </ClInclude>
    <ClInclude Include="Emitter.h">
      <Filter>Header Files</Filter>
    </ClInclude>
    <ClInclude Include="Font.h">
      <Filter>Header Files</Filter>
    </ClInclude>
    <ClInclude Include="Frame.h">
      <Filter>Header Files</Filter>
    </ClInclude>
    <ClInclude Include="HUD.h">
      <Filter>Header Files</Filter>
    </ClInclude>
    <ClInclude Include="Particle.h">
      <Filter>Header Files</Filter>
    </ClInclude>
    <ClInclude Include="sound.h">
      <Filter>Header Files</Filter>
    </ClInclude>
    <ClInclude Include="Terrain.h">
      <Filter>Header Files</Filter>
    </ClInclude>
    <ClInclude Include="Texture.h">
      <Filter>Header Files</Filter>
    </ClInclude>
    <ClInclude Include="LoadMenuState.h">
      <Filter>States</Filter>
    </ClInclude>
    <ClInclude Include="MainMenuState.h">
      <Filter>States</Filter>
    </ClInclude>
    <ClInclude Include="PauseMenuState.h">
      <Filter>States</Filter>
    </ClInclude>
    <ClInclude Include="WinMenuState.h">
      <Filter>States</Filter>
    </ClInclude>
    <ClInclude Include="GamePlayState.h">
      <Filter>States</Filter>
    </ClInclude>
    <ClInclude Include="HowToPlayMenuState.h">
      <Filter>States</Filter>
    </ClInclude>
    <ClInclude Include="HighScoresMenuState.h">
      <Filter>States</Filter>
    </ClInclude>
    <ClInclude Include="CreditsMenuState.h">
      <Filter>States</Filter>
    </ClInclude>
    <ClInclude Include="IMenuState.h">
      <Filter>States</Filter>
    </ClInclude>
    <ClInclude Include="OptionsMenuState.h">
      <Filter>States</Filter>
    </ClInclude>
    <ClInclude Include="Boss1.h">
      <Filter>Characters</Filter>
    </ClInclude>
    <ClInclude Include="Boss2.h">
      <Filter>Characters</Filter>
    </ClInclude>
    <ClInclude Include="ChasingAI.h">
      <Filter>Characters</Filter>
    </ClInclude>
    <ClInclude Include="ShootingAi.h">
      <Filter>Characters</Filter>
    </ClInclude>
    <ClInclude Include="Enemy.h">
      <Filter>Characters</Filter>
    </ClInclude>
    <ClInclude Include="BaseObject.h">
      <Filter>Base Classes</Filter>
    </ClInclude>
    <ClInclude Include="BaseCharacter.h">
      <Filter>Base Classes</Filter>
    </ClInclude>
    <ClInclude Include="ViewManager.h">
      <Filter>Wrappers</Filter>
    </ClInclude>
    <ClInclude Include="Particle_Manager.h">
      <Filter>Wrappers</Filter>
    </ClInclude>
    <ClInclude Include="ObjectManager.h">
      <Filter>Wrappers</Filter>
    </ClInclude>
    <ClInclude Include="ObjectFactory.h">
      <Filter>Wrappers</Filter>
    </ClInclude>
    <ClInclude Include="MessageSystem.h">
      <Filter>Wrappers</Filter>
    </ClInclude>
    <ClInclude Include="Message.h">
      <Filter>Wrappers</Filter>
    </ClInclude>
    <ClInclude Include="AudioManager.h">
      <Filter>Wrappers</Filter>
    </ClInclude>
    <ClInclude Include="DirectInput.h">
      <Filter>Wrappers</Filter>
    </ClInclude>
    <ClInclude Include="EventSystem.h">
      <Filter>Wrappers</Filter>
    </ClInclude>
    <ClInclude Include="IMessage.h">
      <Filter>Wrappers</Filter>
    </ClInclude>
    <ClInclude Include="Closet.h">
      <Filter>Objects</Filter>
    </ClInclude>
    <ClInclude Include="Bush.h">
      <Filter>Objects</Filter>
    </ClInclude>
    <ClInclude Include="Bullet.h">
      <Filter>Objects</Filter>
    </ClInclude>
    <ClInclude Include="Event.h">
      <Filter>Wrappers</Filter>
    </ClInclude>
    <ClInclude Include="XMLManager.h">
      <Filter>Wrappers</Filter>
    </ClInclude>
    <ClInclude Include="IListener.h">
      <Filter>Wrappers</Filter>
    </ClInclude>
    <ClInclude Include="Player.h">
      <Filter>Characters</Filter>
    </ClInclude>
    <ClInclude Include="PickUp.h">
      <Filter>Objects</Filter>
    </ClInclude>
    <ClInclude Include="Weapon.h">
      <Filter>Objects</Filter>
    </ClInclude>
    <ClInclude Include="Light.h">
      <Filter>Objects</Filter>
    </ClInclude>
    <ClInclude Include="Quests.h">
      <Filter>Objects</Filter>
    </ClInclude>
    <ClInclude Include="NPC.h">
      <Filter>Characters</Filter>
    </ClInclude>
    <ClInclude Include="IObjects.h">
      <Filter>Base Classes</Filter>
    </ClInclude>
    <ClInclude Include="tinystr.h">
      <Filter>Header Files</Filter>
    </ClInclude>
    <ClInclude Include="tinyxml.h">
      <Filter>Header Files</Filter>
    </ClInclude>
    <ClInclude Include="SaveMenuState.h">
      <Filter>States</Filter>
    </ClInclude>
    <ClInclude Include="Level.h">
      <Filter>Header Files</Filter>
    </ClInclude>
    <ClInclude Include="LoseMenuState.h">
      <Filter>States</Filter>
    </ClInclude>
    <ClInclude Include="SpawnPoint.h">
      <Filter>Header Files</Filter>
    </ClInclude>
  </ItemGroup>
  <ItemGroup>
    <None Include="ClassDiagram1.cd">
      <Filter>Wrappers</Filter>
    </None>
  </ItemGroup>
</Project>